
Microsoft Visual Studio Solution File, Format Version 12.00
# Visual Studio Version 17
VisualStudioVersion = 17.13.35825.156 d17.13
MinimumVisualStudioVersion = 10.0.40219.1
Project("{FAE04EC0-301F-11D3-BF4B-00C04F79EFBC}") = "Bai_03_Xuat_Nhat_InpOut", "Bai_03_Xuat_Nhat_InpOut.csproj", "{577A43C1-7980-4CA6-A59A-2326CBA7E7EC}"
EndProject
Global
	GlobalSection(SolutionConfigurationPlatforms) = preSolution
		Debug|Any CPU = Debug|Any CPU
		Release|Any CPU = Release|Any CPU
	EndGlobalSection
	GlobalSection(ProjectConfigurationPlatforms) = postSolution
		{577A43C1-7980-4CA6-A59A-2326CBA7E7EC}.Debug|Any CPU.ActiveCfg = Debug|Any CPU
		{577A43C1-7980-4CA6-A59A-2326CBA7E7EC}.Debug|Any CPU.Build.0 = Debug|Any CPU
		{577A43C1-7980-4CA6-A59A-2326CBA7E7EC}.Release|Any CPU.ActiveCfg = Release|Any CPU
		{577A43C1-7980-4CA6-A59A-2326CBA7E7EC}.Release|Any CPU.Build.0 = Release|Any CPU
	EndGlobalSection
	GlobalSection(SolutionProperties) = preSolution
		HideSolutionNode = FALSE
	EndGlobalSection
	GlobalSection(ExtensibilityGlobals) = postSolution
		SolutionGuid = {0D2D6A05-73D9-41CE-BDFD-B3474CF67A81}
	EndGlobalSection
EndGlobal
